// !$*UTF8*$!
{
	archiveVersion = 1;
	classes = {
	};
	objectVersion = 46;
	objects = {

/* Begin PBXBuildFile section */
		10246EA01E4DD77800ED98C7 /* RxLifx.framework in Frameworks */ = {isa = PBXBuildFile; fileRef = 10246E9F1E4DD77800ED98C7 /* RxLifx.framework */; };
		10246EA11E4DD77800ED98C7 /* RxLifx.framework in Embed Frameworks */ = {isa = PBXBuildFile; fileRef = 10246E9F1E4DD77800ED98C7 /* RxLifx.framework */; settings = {ATTRIBUTES = (CodeSignOnCopy, RemoveHeadersOnCopy, ); }; };
		10246EA31E4DD77800ED98C7 /* LifxDomain.framework in Frameworks */ = {isa = PBXBuildFile; fileRef = 10246EA21E4DD77800ED98C7 /* LifxDomain.framework */; };
		10246EA41E4DD77800ED98C7 /* LifxDomain.framework in Embed Frameworks */ = {isa = PBXBuildFile; fileRef = 10246EA21E4DD77800ED98C7 /* LifxDomain.framework */; settings = {ATTRIBUTES = (CodeSignOnCopy, RemoveHeadersOnCopy, ); }; };
		107C08B61E239A0B00552E9F /* AppDelegate.swift in Sources */ = {isa = PBXBuildFile; fileRef = 107C08B51E239A0B00552E9F /* AppDelegate.swift */; };
		107C08B91E239A0B00552E9F /* RxLifxExample.xcdatamodeld in Sources */ = {isa = PBXBuildFile; fileRef = 107C08B71E239A0B00552E9F /* RxLifxExample.xcdatamodeld */; };
		107C08BB1E239A0B00552E9F /* MasterViewController.swift in Sources */ = {isa = PBXBuildFile; fileRef = 107C08BA1E239A0B00552E9F /* MasterViewController.swift */; };
		107C08BD1E239A0B00552E9F /* DetailViewController.swift in Sources */ = {isa = PBXBuildFile; fileRef = 107C08BC1E239A0B00552E9F /* DetailViewController.swift */; };
		107C08C01E239A0B00552E9F /* Main.storyboard in Resources */ = {isa = PBXBuildFile; fileRef = 107C08BE1E239A0B00552E9F /* Main.storyboard */; };
		107C08C21E239A0B00552E9F /* Assets.xcassets in Resources */ = {isa = PBXBuildFile; fileRef = 107C08C11E239A0B00552E9F /* Assets.xcassets */; };
		107C08C51E239A0B00552E9F /* LaunchScreen.storyboard in Resources */ = {isa = PBXBuildFile; fileRef = 107C08C31E239A0B00552E9F /* LaunchScreen.storyboard */; };
		10DE9AB31E5B05F9007D0095 /* RxLifxApi.framework in Frameworks */ = {isa = PBXBuildFile; fileRef = 10DE9AB21E5B05F9007D0095 /* RxLifxApi.framework */; };
		10DE9AB41E5B05F9007D0095 /* RxLifxApi.framework in Embed Frameworks */ = {isa = PBXBuildFile; fileRef = 10DE9AB21E5B05F9007D0095 /* RxLifxApi.framework */; settings = {ATTRIBUTES = (CodeSignOnCopy, RemoveHeadersOnCopy, ); }; };
		10DE9AB61E5B06DC007D0095 /* RxSwift.framework in Frameworks */ = {isa = PBXBuildFile; fileRef = 10DE9AB51E5B06DC007D0095 /* RxSwift.framework */; };
		10DE9AB71E5B06DC007D0095 /* RxSwift.framework in Embed Frameworks */ = {isa = PBXBuildFile; fileRef = 10DE9AB51E5B06DC007D0095 /* RxSwift.framework */; settings = {ATTRIBUTES = (CodeSignOnCopy, RemoveHeadersOnCopy, ); }; };
		DD1E1E8622D39B88FCDA7890 /* LightsChangeNotificationDispatcher.swift in Sources */ = {isa = PBXBuildFile; fileRef = DD1E1AE0FAEF56BA8659D993 /* LightsChangeNotificationDispatcher.swift */; };
/* End PBXBuildFile section */

/* Begin PBXCopyFilesBuildPhase section */
		10246E9E1E4DD72200ED98C7 /* Embed Frameworks */ = {
			isa = PBXCopyFilesBuildPhase;
			buildActionMask = 2147483647;
			dstPath = "";
			dstSubfolderSpec = 10;
			files = (
				10DE9AB71E5B06DC007D0095 /* RxSwift.framework in Embed Frameworks */,
				10246EA41E4DD77800ED98C7 /* LifxDomain.framework in Embed Frameworks */,
				10246EA11E4DD77800ED98C7 /* RxLifx.framework in Embed Frameworks */,
				10DE9AB41E5B05F9007D0095 /* RxLifxApi.framework in Embed Frameworks */,
			);
			name = "Embed Frameworks";
			runOnlyForDeploymentPostprocessing = 0;
		};
/* End PBXCopyFilesBuildPhase section */

/* Begin PBXFileReference section */
		10246E9F1E4DD77800ED98C7 /* RxLifx.framework */ = {isa = PBXFileReference; explicitFileType = wrapper.framework; path = RxLifx.framework; sourceTree = BUILT_PRODUCTS_DIR; };
		10246EA21E4DD77800ED98C7 /* LifxDomain.framework */ = {isa = PBXFileReference; explicitFileType = wrapper.framework; path = LifxDomain.framework; sourceTree = BUILT_PRODUCTS_DIR; };
		107C08B21E239A0B00552E9F /* RxLifxExample.app */ = {isa = PBXFileReference; explicitFileType = wrapper.application; includeInIndex = 0; path = RxLifxExample.app; sourceTree = BUILT_PRODUCTS_DIR; };
		107C08B51E239A0B00552E9F /* AppDelegate.swift */ = {isa = PBXFileReference; lastKnownFileType = sourcecode.swift; path = AppDelegate.swift; sourceTree = "<group>"; };
		107C08B81E239A0B00552E9F /* RxLifxExample.xcdatamodel */ = {isa = PBXFileReference; lastKnownFileType = wrapper.xcdatamodel; path = RxLifxExample.xcdatamodel; sourceTree = "<group>"; };
		107C08BA1E239A0B00552E9F /* MasterViewController.swift */ = {isa = PBXFileReference; lastKnownFileType = sourcecode.swift; path = MasterViewController.swift; sourceTree = "<group>"; };
		107C08BC1E239A0B00552E9F /* DetailViewController.swift */ = {isa = PBXFileReference; lastKnownFileType = sourcecode.swift; path = DetailViewController.swift; sourceTree = "<group>"; };
		107C08BF1E239A0B00552E9F /* Base */ = {isa = PBXFileReference; lastKnownFileType = file.storyboard; name = Base; path = Base.lproj/Main.storyboard; sourceTree = "<group>"; };
		107C08C11E239A0B00552E9F /* Assets.xcassets */ = {isa = PBXFileReference; lastKnownFileType = folder.assetcatalog; path = Assets.xcassets; sourceTree = "<group>"; };
		107C08C41E239A0B00552E9F /* Base */ = {isa = PBXFileReference; lastKnownFileType = file.storyboard; name = Base; path = Base.lproj/LaunchScreen.storyboard; sourceTree = "<group>"; };
		107C08C61E239A0B00552E9F /* Info.plist */ = {isa = PBXFileReference; lastKnownFileType = text.plist.xml; path = Info.plist; sourceTree = "<group>"; };
		10DE9AB21E5B05F9007D0095 /* RxLifxApi.framework */ = {isa = PBXFileReference; explicitFileType = wrapper.framework; path = RxLifxApi.framework; sourceTree = BUILT_PRODUCTS_DIR; };
		10DE9AB51E5B06DC007D0095 /* RxSwift.framework */ = {isa = PBXFileReference; lastKnownFileType = wrapper.framework; name = RxSwift.framework; path = ../Carthage/Build/iOS/RxSwift.framework; sourceTree = "<group>"; };
		DD1E1AE0FAEF56BA8659D993 /* LightsChangeNotificationDispatcher.swift */ = {isa = PBXFileReference; fileEncoding = 4; lastKnownFileType = sourcecode.swift; path = LightsChangeNotificationDispatcher.swift; sourceTree = "<group>"; };
/* End PBXFileReference section */

/* Begin PBXFrameworksBuildPhase section */
		107C08AF1E239A0B00552E9F /* Frameworks */ = {
			isa = PBXFrameworksBuildPhase;
			buildActionMask = 2147483647;
			files = (
				10DE9AB61E5B06DC007D0095 /* RxSwift.framework in Frameworks */,
				10246EA31E4DD77800ED98C7 /* LifxDomain.framework in Frameworks */,
				10DE9AB31E5B05F9007D0095 /* RxLifxApi.framework in Frameworks */,
				10246EA01E4DD77800ED98C7 /* RxLifx.framework in Frameworks */,
			);
			runOnlyForDeploymentPostprocessing = 0;
		};
/* End PBXFrameworksBuildPhase section */

/* Begin PBXGroup section */
		107C08A91E239A0B00552E9F = {
			isa = PBXGroup;
			children = (
				107C08B41E239A0B00552E9F /* RxLifxExample */,
				107C08B31E239A0B00552E9F /* Products */,
				107C08D01E239BDB00552E9F /* Frameworks */,
			);
			sourceTree = "<group>";
		};
		107C08B31E239A0B00552E9F /* Products */ = {
			isa = PBXGroup;
			children = (
				107C08B21E239A0B00552E9F /* RxLifxExample.app */,
			);
			name = Products;
			sourceTree = "<group>";
		};
		107C08B41E239A0B00552E9F /* RxLifxExample */ = {
			isa = PBXGroup;
			children = (
				107C08B51E239A0B00552E9F /* AppDelegate.swift */,
				107C08BA1E239A0B00552E9F /* MasterViewController.swift */,
				107C08BC1E239A0B00552E9F /* DetailViewController.swift */,
				107C08BE1E239A0B00552E9F /* Main.storyboard */,
				107C08C11E239A0B00552E9F /* Assets.xcassets */,
				107C08C31E239A0B00552E9F /* LaunchScreen.storyboard */,
				107C08C61E239A0B00552E9F /* Info.plist */,
				107C08B71E239A0B00552E9F /* RxLifxExample.xcdatamodeld */,
				DD1E1AE0FAEF56BA8659D993 /* LightsChangeNotificationDispatcher.swift */,
			);
			path = RxLifxExample;
			sourceTree = "<group>";
		};
		107C08D01E239BDB00552E9F /* Frameworks */ = {
			isa = PBXGroup;
			children = (
				10DE9AB51E5B06DC007D0095 /* RxSwift.framework */,
				10DE9AB21E5B05F9007D0095 /* RxLifxApi.framework */,
				10246EA21E4DD77800ED98C7 /* LifxDomain.framework */,
				10246E9F1E4DD77800ED98C7 /* RxLifx.framework */,
			);
			name = Frameworks;
			sourceTree = "<group>";
		};
/* End PBXGroup section */

/* Begin PBXNativeTarget section */
		107C08B11E239A0B00552E9F /* RxLifxExample */ = {
			isa = PBXNativeTarget;
			buildConfigurationList = 107C08C91E239A0B00552E9F /* Build configuration list for PBXNativeTarget "RxLifxExample" */;
			buildPhases = (
				107C08AE1E239A0B00552E9F /* Sources */,
				107C08AF1E239A0B00552E9F /* Frameworks */,
				107C08B01E239A0B00552E9F /* Resources */,
				107C08D71E239C8600552E9F /* Run Script */,
				10246E9E1E4DD72200ED98C7 /* Embed Frameworks */,
			);
			buildRules = (
			);
			dependencies = (
			);
			name = RxLifxExample;
			productName = RxLifxExample;
			productReference = 107C08B21E239A0B00552E9F /* RxLifxExample.app */;
			productType = "com.apple.product-type.application";
		};
/* End PBXNativeTarget section */

/* Begin PBXProject section */
		107C08AA1E239A0B00552E9F /* Project object */ = {
			isa = PBXProject;
			attributes = {
				LastSwiftUpdateCheck = 0810;
				LastUpgradeCheck = 1010;
				ORGANIZATIONNAME = "Florian Sprenger";
				TargetAttributes = {
					107C08B11E239A0B00552E9F = {
						CreatedOnToolsVersion = 8.1;
						DevelopmentTeam = HSVZA7GLYN;
						LastSwiftMigration = 0920;
						ProvisioningStyle = Automatic;
					};
				};
			};
			buildConfigurationList = 107C08AD1E239A0B00552E9F /* Build configuration list for PBXProject "RxLifxExample" */;
			compatibilityVersion = "Xcode 3.2";
			developmentRegion = English;
			hasScannedForEncodings = 0;
			knownRegions = (
				en,
				Base,
			);
			mainGroup = 107C08A91E239A0B00552E9F;
			productRefGroup = 107C08B31E239A0B00552E9F /* Products */;
			projectDirPath = "";
			projectRoot = "";
			targets = (
				107C08B11E239A0B00552E9F /* RxLifxExample */,
			);
		};
/* End PBXProject section */

/* Begin PBXResourcesBuildPhase section */
		107C08B01E239A0B00552E9F /* Resources */ = {
			isa = PBXResourcesBuildPhase;
			buildActionMask = 2147483647;
			files = (
				107C08C51E239A0B00552E9F /* LaunchScreen.storyboard in Resources */,
				107C08C21E239A0B00552E9F /* Assets.xcassets in Resources */,
				107C08C01E239A0B00552E9F /* Main.storyboard in Resources */,
			);
			runOnlyForDeploymentPostprocessing = 0;
		};
/* End PBXResourcesBuildPhase section */

/* Begin PBXShellScriptBuildPhase section */
		107C08D71E239C8600552E9F /* Run Script */ = {
			isa = PBXShellScriptBuildPhase;
			buildActionMask = 2147483647;
			files = (
			);
			inputPaths = (
				"$(SRCROOT)/../Carthage/Build/iOS/RxSwift.framework",
			);
			name = "Run Script";
			outputPaths = (
			);
			runOnlyForDeploymentPostprocessing = 0;
			shellPath = /bin/sh;
			shellScript = "/usr/local/bin/carthage copy-frameworks\n";
		};
/* End PBXShellScriptBuildPhase section */

/* Begin PBXSourcesBuildPhase section */
		107C08AE1E239A0B00552E9F /* Sources */ = {
			isa = PBXSourcesBuildPhase;
			buildActionMask = 2147483647;
			files = (
				107C08B61E239A0B00552E9F /* AppDelegate.swift in Sources */,
				107C08B91E239A0B00552E9F /* RxLifxExample.xcdatamodeld in Sources */,
				107C08BB1E239A0B00552E9F /* MasterViewController.swift in Sources */,
				107C08BD1E239A0B00552E9F /* DetailViewController.swift in Sources */,
				DD1E1E8622D39B88FCDA7890 /* LightsChangeNotificationDispatcher.swift in Sources */,
			);
			runOnlyForDeploymentPostprocessing = 0;
		};
/* End PBXSourcesBuildPhase section */

/* Begin PBXVariantGroup section */
		107C08BE1E239A0B00552E9F /* Main.storyboard */ = {
			isa = PBXVariantGroup;
			children = (
				107C08BF1E239A0B00552E9F /* Base */,
			);
			name = Main.storyboard;
			sourceTree = "<group>";
		};
		107C08C31E239A0B00552E9F /* LaunchScreen.storyboard */ = {
			isa = PBXVariantGroup;
			children = (
				107C08C41E239A0B00552E9F /* Base */,
			);
			name = LaunchScreen.storyboard;
			sourceTree = "<group>";
		};
/* End PBXVariantGroup section */

/* Begin XCBuildConfiguration section */
		107C08C71E239A0B00552E9F /* Debug */ = {
			isa = XCBuildConfiguration;
			buildSettings = {
				ALWAYS_SEARCH_USER_PATHS = NO;
				CLANG_ANALYZER_NONNULL = YES;
				CLANG_CXX_LANGUAGE_STANDARD = "gnu++0x";
				CLANG_CXX_LIBRARY = "libc++";
				CLANG_ENABLE_MODULES = YES;
				CLANG_ENABLE_OBJC_ARC = YES;
				CLANG_WARN_BLOCK_CAPTURE_AUTORELEASING = YES;
				CLANG_WARN_BOOL_CONVERSION = YES;
				CLANG_WARN_COMMA = YES;
				CLANG_WARN_CONSTANT_CONVERSION = YES;
				CLANG_WARN_DEPRECATED_OBJC_IMPLEMENTATIONS = YES;
				CLANG_WARN_DIRECT_OBJC_ISA_USAGE = YES_ERROR;
				CLANG_WARN_DOCUMENTATION_COMMENTS = YES;
				CLANG_WARN_EMPTY_BODY = YES;
				CLANG_WARN_ENUM_CONVERSION = YES;
				CLANG_WARN_INFINITE_RECURSION = YES;
				CLANG_WARN_INT_CONVERSION = YES;
				CLANG_WARN_NON_LITERAL_NULL_CONVERSION = YES;
				CLANG_WARN_OBJC_IMPLICIT_RETAIN_SELF = YES;
				CLANG_WARN_OBJC_LITERAL_CONVERSION = YES;
				CLANG_WARN_OBJC_ROOT_CLASS = YES_ERROR;
				CLANG_WARN_RANGE_LOOP_ANALYSIS = YES;
				CLANG_WARN_STRICT_PROTOTYPES = YES;
				CLANG_WARN_SUSPICIOUS_MOVE = YES;
				CLANG_WARN_SUSPICIOUS_MOVES = YES;
				CLANG_WARN_UNREACHABLE_CODE = YES;
				CLANG_WARN__DUPLICATE_METHOD_MATCH = YES;
				"CODE_SIGN_IDENTITY[sdk=iphoneos*]" = "iPhone Developer";
				COPY_PHASE_STRIP = NO;
				DEBUG_INFORMATION_FORMAT = dwarf;
				ENABLE_STRICT_OBJC_MSGSEND = YES;
				ENABLE_TESTABILITY = YES;
				GCC_C_LANGUAGE_STANDARD = gnu99;
				GCC_DYNAMIC_NO_PIC = NO;
				GCC_NO_COMMON_BLOCKS = YES;
				GCC_OPTIMIZATION_LEVEL = 0;
				GCC_PREPROCESSOR_DEFINITIONS = (
					"DEBUG=1",
					"$(inherited)",
				);
				GCC_WARN_64_TO_32_BIT_CONVERSION = YES;
				GCC_WARN_ABOUT_RETURN_TYPE = YES_ERROR;
				GCC_WARN_UNDECLARED_SELECTOR = YES;
				GCC_WARN_UNINITIALIZED_AUTOS = YES_AGGRESSIVE;
				GCC_WARN_UNUSED_FUNCTION = YES;
				GCC_WARN_UNUSED_VARIABLE = YES;
				IPHONEOS_DEPLOYMENT_TARGET = 10.1;
				MTL_ENABLE_DEBUG_INFO = YES;
				ONLY_ACTIVE_ARCH = YES;
				SDKROOT = iphoneos;
				SWIFT_ACTIVE_COMPILATION_CONDITIONS = DEBUG;
				SWIFT_OPTIMIZATION_LEVEL = "-Onone";
				TARGETED_DEVICE_FAMILY = "1,2";
			};
			name = Debug;
		};
		107C08C81E239A0B00552E9F /* Release */ = {
			isa = XCBuildConfiguration;
			buildSettings = {
				ALWAYS_SEARCH_USER_PATHS = NO;
				CLANG_ANALYZER_NONNULL = YES;
				CLANG_CXX_LANGUAGE_STANDARD = "gnu++0x";
				CLANG_CXX_LIBRARY = "libc++";
				CLANG_ENABLE_MODULES = YES;
				CLANG_ENABLE_OBJC_ARC = YES;
				CLANG_WARN_BLOCK_CAPTURE_AUTORELEASING = YES;
				CLANG_WARN_BOOL_CONVERSION = YES;
				CLANG_WARN_COMMA = YES;
				CLANG_WARN_CONSTANT_CONVERSION = YES;
				CLANG_WARN_DEPRECATED_OBJC_IMPLEMENTATIONS = YES;
				CLANG_WARN_DIRECT_OBJC_ISA_USAGE = YES_ERROR;
				CLANG_WARN_DOCUMENTATION_COMMENTS = YES;
				CLANG_WARN_EMPTY_BODY = YES;
				CLANG_WARN_ENUM_CONVERSION = YES;
				CLANG_WARN_INFINITE_RECURSION = YES;
				CLANG_WARN_INT_CONVERSION = YES;
				CLANG_WARN_NON_LITERAL_NULL_CONVERSION = YES;
				CLANG_WARN_OBJC_IMPLICIT_RETAIN_SELF = YES;
				CLANG_WARN_OBJC_LITERAL_CONVERSION = YES;
				CLANG_WARN_OBJC_ROOT_CLASS = YES_ERROR;
				CLANG_WARN_RANGE_LOOP_ANALYSIS = YES;
				CLANG_WARN_STRICT_PROTOTYPES = YES;
				CLANG_WARN_SUSPICIOUS_MOVE = YES;
				CLANG_WARN_SUSPICIOUS_MOVES = YES;
				CLANG_WARN_UNREACHABLE_CODE = YES;
				CLANG_WARN__DUPLICATE_METHOD_MATCH = YES;
				"CODE_SIGN_IDENTITY[sdk=iphoneos*]" = "iPhone Developer";
				COPY_PHASE_STRIP = NO;
				DEBUG_INFORMATION_FORMAT = "dwarf-with-dsym";
				ENABLE_NS_ASSERTIONS = NO;
				ENABLE_STRICT_OBJC_MSGSEND = YES;
				GCC_C_LANGUAGE_STANDARD = gnu99;
				GCC_NO_COMMON_BLOCKS = YES;
				GCC_WARN_64_TO_32_BIT_CONVERSION = YES;
				GCC_WARN_ABOUT_RETURN_TYPE = YES_ERROR;
				GCC_WARN_UNDECLARED_SELECTOR = YES;
				GCC_WARN_UNINITIALIZED_AUTOS = YES_AGGRESSIVE;
				GCC_WARN_UNUSED_FUNCTION = YES;
				GCC_WARN_UNUSED_VARIABLE = YES;
				IPHONEOS_DEPLOYMENT_TARGET = 10.1;
				MTL_ENABLE_DEBUG_INFO = NO;
				SDKROOT = iphoneos;
				SWIFT_OPTIMIZATION_LEVEL = "-Owholemodule";
				TARGETED_DEVICE_FAMILY = "1,2";
				VALIDATE_PRODUCT = YES;
			};
			name = Release;
		};
		107C08CA1E239A0B00552E9F /* Debug */ = {
			isa = XCBuildConfiguration;
			buildSettings = {
				ASSETCATALOG_COMPILER_APPICON_NAME = AppIcon;
				DEVELOPMENT_TEAM = HSVZA7GLYN;
				FRAMEWORK_SEARCH_PATHS = (
					"$(inherited)",
					"$(PROJECT_DIR)/../Carthage/Build/iOS",
				);
				INFOPLIST_FILE = RxLifxExample/Info.plist;
				IPHONEOS_DEPLOYMENT_TARGET = 9.3;
				LD_RUNPATH_SEARCH_PATHS = "$(inherited) @executable_path/Frameworks";
				PRODUCT_BUNDLE_IDENTIFIER = wo.lf.RxLifxExample;
				PRODUCT_NAME = "$(TARGET_NAME)";
				SWIFT_VERSION = 4.0;
			};
			name = Debug;
		};
		107C08CB1E239A0B00552E9F /* Release */ = {
			isa = XCBuildConfiguration;
			buildSettings = {
				ASSETCATALOG_COMPILER_APPICON_NAME = AppIcon;
				DEVELOPMENT_TEAM = HSVZA7GLYN;
				FRAMEWORK_SEARCH_PATHS = (
					"$(inherited)",
					"$(PROJECT_DIR)/../Carthage/Build/iOS",
				);
				INFOPLIST_FILE = RxLifxExample/Info.plist;
				IPHONEOS_DEPLOYMENT_TARGET = 9.3;
				LD_RUNPATH_SEARCH_PATHS = "$(inherited) @executable_path/Frameworks";
				PRODUCT_BUNDLE_IDENTIFIER = wo.lf.RxLifxExample;
				PRODUCT_NAME = "$(TARGET_NAME)";
				SWIFT_VERSION = 4.0;
			};
			name = Release;
		};
/* End XCBuildConfiguration section */

/* Begin XCConfigurationList section */
		107C08AD1E239A0B00552E9F /* Build configuration list for PBXProject "RxLifxExample" */ = {
			isa = XCConfigurationList;
			buildConfigurations = (
				107C08C71E239A0B00552E9F /* Debug */,
				107C08C81E239A0B00552E9F /* Release */,
			);
			defaultConfigurationIsVisible = 0;
			defaultConfigurationName = Release;
		};
		107C08C91E239A0B00552E9F /* Build configuration list for PBXNativeTarget "RxLifxExample" */ = {
			isa = XCConfigurationList;
			buildConfigurations = (
				107C08CA1E239A0B00552E9F /* Debug */,
				107C08CB1E239A0B00552E9F /* Release */,
			);
			defaultConfigurationIsVisible = 0;
			defaultConfigurationName = Release;
		};
/* End XCConfigurationList section */

/* Begin XCVersionGroup section */
		107C08B71E239A0B00552E9F /* RxLifxExample.xcdatamodeld */ = {
			isa = XCVersionGroup;
			children = (
				107C08B81E239A0B00552E9F /* RxLifxExample.xcdatamodel */,
			);
			currentVersion = 107C08B81E239A0B00552E9F /* RxLifxExample.xcdatamodel */;
			path = RxLifxExample.xcdatamodeld;
			sourceTree = "<group>";
			versionGroupType = wrapper.xcdatamodel;
		};
/* End XCVersionGroup section */
	};
	rootObject = 107C08AA1E239A0B00552E9F /* Project object */;
}
