// !$*UTF8*$!
{
	archiveVersion = 1;
	classes = {
	};
	objectVersion = 46;
	objects = {

/* Begin PBXBuildFile section */
		1010878C1F528D3D0092A05C /* RxSwift.framework in Frameworks */ = {isa = PBXBuildFile; fileRef = 10DE9A781E5739E1007D0095 /* RxSwift.framework */; };
		1010878D1F528DFA0092A05C /* RxLifx.framework in Frameworks */ = {isa = PBXBuildFile; fileRef = 10DE9A751E57381F007D0095 /* RxLifx.framework */; };
		1010878E1F528E010092A05C /* LifxDomain.framework in Frameworks */ = {isa = PBXBuildFile; fileRef = 10DE9A741E57381F007D0095 /* LifxDomain.framework */; };
		101087961F5290130092A05C /* RxTest.framework in Frameworks */ = {isa = PBXBuildFile; fileRef = DD1E1018AD3939F0D54A7BD9 /* RxTest.framework */; };
		10DE9A601E5736FA007D0095 /* RxLifxApi.framework in Frameworks */ = {isa = PBXBuildFile; fileRef = 10DE9A561E5736FA007D0095 /* RxLifxApi.framework */; };
		10DE9A651E5736FA007D0095 /* LightTests.swift in Sources */ = {isa = PBXBuildFile; fileRef = 10DE9A641E5736FA007D0095 /* LightTests.swift */; };
		10DE9A671E5736FA007D0095 /* RxLifxApi.h in Headers */ = {isa = PBXBuildFile; fileRef = 10DE9A591E5736FA007D0095 /* RxLifxApi.h */; settings = {ATTRIBUTES = (Public, ); }; };
		10DE9A761E57381F007D0095 /* LifxDomain.framework in Frameworks */ = {isa = PBXBuildFile; fileRef = 10DE9A741E57381F007D0095 /* LifxDomain.framework */; };
		10DE9A771E57381F007D0095 /* RxLifx.framework in Frameworks */ = {isa = PBXBuildFile; fileRef = 10DE9A751E57381F007D0095 /* RxLifx.framework */; };
		10DE9A791E5739E1007D0095 /* RxSwift.framework in Frameworks */ = {isa = PBXBuildFile; fileRef = 10DE9A781E5739E1007D0095 /* RxSwift.framework */; };
		DD1E1044B11D6B30A7263E44 /* LightGetCommand.swift in Sources */ = {isa = PBXBuildFile; fileRef = DD1E18DA77F9BEDFDC8E66A0 /* LightGetCommand.swift */; };
		DD1E108F568A2573CEB93F99 /* LightService.swift in Sources */ = {isa = PBXBuildFile; fileRef = DD1E1812F2408A8D7698ABDE /* LightService.swift */; };
		DD1E10A97899FACCDC81890B /* LightTileService.swift in Sources */ = {isa = PBXBuildFile; fileRef = DD1E1000DA3C579132F401D2 /* LightTileService.swift */; };
		DD1E10F57CD75A810D6AF0BA /* DeviceSetLocationCommand.swift in Sources */ = {isa = PBXBuildFile; fileRef = DD1E1B1A58BC5AF00E516015 /* DeviceSetLocationCommand.swift */; };
		DD1E110747FDA153A51E414D /* DeviceGetGroupCommand.swift in Sources */ = {isa = PBXBuildFile; fileRef = DD1E18AC1EE76D792AEADD13 /* DeviceGetGroupCommand.swift */; };
		DD1E114DF2989BC83F73CAF6 /* TileGetDeviceChainCommand.swift in Sources */ = {isa = PBXBuildFile; fileRef = DD1E1F57484464C2A098F88C /* TileGetDeviceChainCommand.swift */; };
		DD1E12011579A8137EC794A0 /* LightServiceTests.swift in Sources */ = {isa = PBXBuildFile; fileRef = DD1E1F011F3AE47DE56EC904 /* LightServiceTests.swift */; };
		DD1E1289E5231719D7D1C2CA /* LightSetInfraredCommand.swift in Sources */ = {isa = PBXBuildFile; fileRef = DD1E12162FEACB496D6BD2B9 /* LightSetInfraredCommand.swift */; };
		DD1E128BC43D5871582856BD /* DeviceGetPowerCommand.swift in Sources */ = {isa = PBXBuildFile; fileRef = DD1E143567CF739DE734FCC9 /* DeviceGetPowerCommand.swift */; };
		DD1E140A4C39C528446E55C4 /* DeviceGetWifiFirmwareCommand.swift in Sources */ = {isa = PBXBuildFile; fileRef = DD1E1645B638FFA8A03D7018 /* DeviceGetWifiFirmwareCommand.swift */; };
		DD1E14169D6D613478CF43F0 /* DeviceGetHostInfoCommand.swift in Sources */ = {isa = PBXBuildFile; fileRef = DD1E12EA4A86FAB592860C59 /* DeviceGetHostInfoCommand.swift */; };
		DD1E141B96B591E429F037BC /* DeviceGetLocationCommand.swift in Sources */ = {isa = PBXBuildFile; fileRef = DD1E1B19805DC3FAFC4C9F4C /* DeviceGetLocationCommand.swift */; };
		DD1E1465C2A7009C4E98A47D /* DeviceGetGroupCommand.swift in Sources */ = {isa = PBXBuildFile; fileRef = DD1E18AC1EE76D792AEADD13 /* DeviceGetGroupCommand.swift */; };
		DD1E1472BE28ABC243F50D64 /* DeviceEchoRequestCommand.swift in Sources */ = {isa = PBXBuildFile; fileRef = DD1E1238B3EAA9C4C2BED71D /* DeviceEchoRequestCommand.swift */; };
		DD1E1515DC3A2DBF40CB02FC /* LightGetCommand.swift in Sources */ = {isa = PBXBuildFile; fileRef = DD1E18DA77F9BEDFDC8E66A0 /* LightGetCommand.swift */; };
		DD1E1594D9D139E75FF8FBB0 /* DeviceGetHostFirmwareCommand.swift in Sources */ = {isa = PBXBuildFile; fileRef = DD1E148DFC8651FEE3A18D1C /* DeviceGetHostFirmwareCommand.swift */; };
		DD1E16060AAB6606BFC066A0 /* DeviceSetLabelCommand.swift in Sources */ = {isa = PBXBuildFile; fileRef = DD1E13CB630DB1F0155FA3F6 /* DeviceSetLabelCommand.swift */; };
		DD1E1616584F6F012FDD3E61 /* MultiZoneGetColorZonesCommand.swift in Sources */ = {isa = PBXBuildFile; fileRef = DD1E1CD9659325572AAE6ECA /* MultiZoneGetColorZonesCommand.swift */; };
		DD1E163DFDB227E59E27C116 /* LightMessageHandler.swift in Sources */ = {isa = PBXBuildFile; fileRef = DD1E1212DB86364000A4AA6C /* LightMessageHandler.swift */; };
		DD1E16ABADB5DF801BEAE187 /* MultiZoneGetColorZonesCommand.swift in Sources */ = {isa = PBXBuildFile; fileRef = DD1E1CD9659325572AAE6ECA /* MultiZoneGetColorZonesCommand.swift */; };
		DD1E1736A92B569D1E7831AC /* LightSetInfraredCommand.swift in Sources */ = {isa = PBXBuildFile; fileRef = DD1E12162FEACB496D6BD2B9 /* LightSetInfraredCommand.swift */; };
		DD1E173BBE0640AB4ECF8239 /* DeviceGetLocationCommand.swift in Sources */ = {isa = PBXBuildFile; fileRef = DD1E1B19805DC3FAFC4C9F4C /* DeviceGetLocationCommand.swift */; };
		DD1E17AE41534D61242E5516 /* TileSetTileState64Command.swift in Sources */ = {isa = PBXBuildFile; fileRef = DD1E197D45E8EF4E95800799 /* TileSetTileState64Command.swift */; };
		DD1E17FB03E81E83BFC3871E /* LightMessageGenerator.swift in Sources */ = {isa = PBXBuildFile; fileRef = DD1E1BFB3F040ED8B2E8E199 /* LightMessageGenerator.swift */; };
		DD1E182BC828E9C75AC84257 /* AsyncLightCommand.swift in Sources */ = {isa = PBXBuildFile; fileRef = DD1E19E356E49FB74D5851A6 /* AsyncLightCommand.swift */; };
		DD1E185C26197C2FE8470C1A /* LightSetColorCommand.swift in Sources */ = {isa = PBXBuildFile; fileRef = DD1E145C01A92FB657A3682B /* LightSetColorCommand.swift */; };
		DD1E18CEDA63E60221A2E4CE /* DeviceGetHostInfoCommand.swift in Sources */ = {isa = PBXBuildFile; fileRef = DD1E12EA4A86FAB592860C59 /* DeviceGetHostInfoCommand.swift */; };
		DD1E1901FF3DB5C1AECDF3CB /* DeviceGetLabelCommand.swift in Sources */ = {isa = PBXBuildFile; fileRef = DD1E1E8DC6BBCAEC2629F74F /* DeviceGetLabelCommand.swift */; };
		DD1E192527CB2DEF454F8492 /* DeviceGetHostFirmwareCommand.swift in Sources */ = {isa = PBXBuildFile; fileRef = DD1E148DFC8651FEE3A18D1C /* DeviceGetHostFirmwareCommand.swift */; };
		DD1E1943E3BDA5421C763AC5 /* DeviceSetLabelCommand.swift in Sources */ = {isa = PBXBuildFile; fileRef = DD1E13CB630DB1F0155FA3F6 /* DeviceSetLabelCommand.swift */; };
		DD1E196183AF6F21C450CECA /* LightSetWaveformOptionalCommand.swift in Sources */ = {isa = PBXBuildFile; fileRef = DD1E12245FF21B811F5F7EB8 /* LightSetWaveformOptionalCommand.swift */; };
		DD1E19922BAC6A6348DA6199 /* AsyncLightCommand.swift in Sources */ = {isa = PBXBuildFile; fileRef = DD1E19E356E49FB74D5851A6 /* AsyncLightCommand.swift */; };
		DD1E199D36BEF559484378E9 /* LightMessageHandler.swift in Sources */ = {isa = PBXBuildFile; fileRef = DD1E1212DB86364000A4AA6C /* LightMessageHandler.swift */; };
		DD1E19A3A6E01146319DACF1 /* DeviceSetLocationCommand.swift in Sources */ = {isa = PBXBuildFile; fileRef = DD1E1B1A58BC5AF00E516015 /* DeviceSetLocationCommand.swift */; };
		DD1E19DB89D73B0008B17BE8 /* DeviceEchoRequestCommand.swift in Sources */ = {isa = PBXBuildFile; fileRef = DD1E1238B3EAA9C4C2BED71D /* DeviceEchoRequestCommand.swift */; };
		DD1E1A4C4C967A4037DA1A4B /* DeviceSetGroupCommand.swift in Sources */ = {isa = PBXBuildFile; fileRef = DD1E1CE4D0BAA8E2B9677091 /* DeviceSetGroupCommand.swift */; };
		DD1E1A5CF977F57853593CB0 /* LightSetColorCommand.swift in Sources */ = {isa = PBXBuildFile; fileRef = DD1E145C01A92FB657A3682B /* LightSetColorCommand.swift */; };
		DD1E1B4FF5952CBD70E1A70F /* LightSetWaveformOptionalCommand.swift in Sources */ = {isa = PBXBuildFile; fileRef = DD1E12245FF21B811F5F7EB8 /* LightSetWaveformOptionalCommand.swift */; };
		DD1E1B7CC55DAFF03C8D53D5 /* LightsGroupLocationService.swift in Sources */ = {isa = PBXBuildFile; fileRef = DD1E1EC53936816892E6EEFE /* LightsGroupLocationService.swift */; };
		DD1E1BAACAFF3D7CD9D21CAA /* LightsGroupLocationService.swift in Sources */ = {isa = PBXBuildFile; fileRef = DD1E1EC53936816892E6EEFE /* LightsGroupLocationService.swift */; };
		DD1E1BE22AFA0B945BC17F8A /* LightSetWaveformCommand.swift in Sources */ = {isa = PBXBuildFile; fileRef = DD1E1A4F0F266AABC96B7AD5 /* LightSetWaveformCommand.swift */; };
		DD1E1BF77DE62A05FDB813C5 /* BroadcastGetServiceCommand.swift in Sources */ = {isa = PBXBuildFile; fileRef = DD1E14C9E30BFD2B5012FBBE /* BroadcastGetServiceCommand.swift */; };
		DD1E1C0531D2F9BF3EA5FCC1 /* BroadcastGetServiceCommand.swift in Sources */ = {isa = PBXBuildFile; fileRef = DD1E14C9E30BFD2B5012FBBE /* BroadcastGetServiceCommand.swift */; };
		DD1E1C2B39DCFCD309CC68E1 /* DeviceGetLabelCommand.swift in Sources */ = {isa = PBXBuildFile; fileRef = DD1E1E8DC6BBCAEC2629F74F /* DeviceGetLabelCommand.swift */; };
		DD1E1C32B00B81B94023A62B /* DeviceGetWifiFirmwareCommand.swift in Sources */ = {isa = PBXBuildFile; fileRef = DD1E1645B638FFA8A03D7018 /* DeviceGetWifiFirmwareCommand.swift */; };
		DD1E1CA7EE5B7B644F0C5AF1 /* DeviceGetVersionCommand.swift in Sources */ = {isa = PBXBuildFile; fileRef = DD1E1EF9499D447143BF11E1 /* DeviceGetVersionCommand.swift */; };
		DD1E1CC3ECFBB0094EAE39BD /* DeviceGetPowerCommand.swift in Sources */ = {isa = PBXBuildFile; fileRef = DD1E143567CF739DE734FCC9 /* DeviceGetPowerCommand.swift */; };
		DD1E1D1BA74B27CEA793511C /* LightSetPowerCommand.swift in Sources */ = {isa = PBXBuildFile; fileRef = DD1E1C58FDF9CC69362DE34D /* LightSetPowerCommand.swift */; };
		DD1E1D1DA67CB8C3C2BBDD44 /* TileGetTileState64Command.swift in Sources */ = {isa = PBXBuildFile; fileRef = DD1E1AF41711237E45624C0C /* TileGetTileState64Command.swift */; };
		DD1E1D61EA48883B0F305AB6 /* Light.swift in Sources */ = {isa = PBXBuildFile; fileRef = DD1E15D8C9D90620FE5F289E /* Light.swift */; };
		DD1E1D76C395621CC23E2F74 /* MultiZoneSetColorZonesCommand.swift in Sources */ = {isa = PBXBuildFile; fileRef = DD1E1872C312547B55B948C2 /* MultiZoneSetColorZonesCommand.swift */; };
		DD1E1D87FCBECADB9A0EA822 /* LightSetWaveformCommand.swift in Sources */ = {isa = PBXBuildFile; fileRef = DD1E1A4F0F266AABC96B7AD5 /* LightSetWaveformCommand.swift */; };
		DD1E1DAEBB9E6F63AF398431 /* LightMessageGenerator.swift in Sources */ = {isa = PBXBuildFile; fileRef = DD1E1BFB3F040ED8B2E8E199 /* LightMessageGenerator.swift */; };
		DD1E1DAF21A118FE60FD271E /* Light.swift in Sources */ = {isa = PBXBuildFile; fileRef = DD1E15D8C9D90620FE5F289E /* Light.swift */; };
		DD1E1DC1D7CEE07A3D339C73 /* TileGetTileState64Command.swift in Sources */ = {isa = PBXBuildFile; fileRef = DD1E1AF41711237E45624C0C /* TileGetTileState64Command.swift */; };
		DD1E1DDEEA3AD4E3D5FBD08D /* TileGetDeviceChainCommand.swift in Sources */ = {isa = PBXBuildFile; fileRef = DD1E1F57484464C2A098F88C /* TileGetDeviceChainCommand.swift */; };
		DD1E1E10A94087217579D559 /* DeviceGetVersionCommand.swift in Sources */ = {isa = PBXBuildFile; fileRef = DD1E1EF9499D447143BF11E1 /* DeviceGetVersionCommand.swift */; };
		DD1E1E2B03A5621D8040637B /* DeviceSetGroupCommand.swift in Sources */ = {isa = PBXBuildFile; fileRef = DD1E1CE4D0BAA8E2B9677091 /* DeviceSetGroupCommand.swift */; };
		DD1E1E4E4DD8DE636DDE894A /* LightGetInfraredCommand.swift in Sources */ = {isa = PBXBuildFile; fileRef = DD1E1BE694E5DC5A2C30FD31 /* LightGetInfraredCommand.swift */; };
		DD1E1E760A41013E4FAE377D /* LightGetPowerCommand.swift in Sources */ = {isa = PBXBuildFile; fileRef = DD1E104A10ED23428C126016 /* LightGetPowerCommand.swift */; };
		DD1E1EF83F9852555E4A3311 /* LightService.swift in Sources */ = {isa = PBXBuildFile; fileRef = DD1E1812F2408A8D7698ABDE /* LightService.swift */; };
		DD1E1F054B86638F15E57CA1 /* LightsGroupLocationServiceTests.swift in Sources */ = {isa = PBXBuildFile; fileRef = DD1E1481311223AF51B42629 /* LightsGroupLocationServiceTests.swift */; };
		DD1E1F0C7943544CB5861441 /* LightTileService.swift in Sources */ = {isa = PBXBuildFile; fileRef = DD1E1000DA3C579132F401D2 /* LightTileService.swift */; };
		DD1E1F562F23996324FEF2E8 /* LightGetInfraredCommand.swift in Sources */ = {isa = PBXBuildFile; fileRef = DD1E1BE694E5DC5A2C30FD31 /* LightGetInfraredCommand.swift */; };
		DD1E1FA3469D9E3E25DFC158 /* MultiZoneSetColorZonesCommand.swift in Sources */ = {isa = PBXBuildFile; fileRef = DD1E1872C312547B55B948C2 /* MultiZoneSetColorZonesCommand.swift */; };
		DD1E1FDE01FF6CCD53A1BB52 /* LightSetPowerCommand.swift in Sources */ = {isa = PBXBuildFile; fileRef = DD1E1C58FDF9CC69362DE34D /* LightSetPowerCommand.swift */; };
		DD1E1FEB8D8EAE526EBB1ABB /* LightGetPowerCommand.swift in Sources */ = {isa = PBXBuildFile; fileRef = DD1E104A10ED23428C126016 /* LightGetPowerCommand.swift */; };
		DD1E1FF06767CFFDBFF58969 /* TileSetTileState64Command.swift in Sources */ = {isa = PBXBuildFile; fileRef = DD1E197D45E8EF4E95800799 /* TileSetTileState64Command.swift */; };
/* End PBXBuildFile section */

/* Begin PBXContainerItemProxy section */
		101087931F528F900092A05C /* PBXContainerItemProxy */ = {
			isa = PBXContainerItemProxy;
			containerPortal = 10DE9A4D1E5736FA007D0095 /* Project object */;
			proxyType = 1;
			remoteGlobalIDString = 10DE9A551E5736FA007D0095;
			remoteInfo = RxLifxApi;
		};
/* End PBXContainerItemProxy section */

/* Begin PBXFileReference section */
		10DE9A561E5736FA007D0095 /* RxLifxApi.framework */ = {isa = PBXFileReference; explicitFileType = wrapper.framework; includeInIndex = 0; path = RxLifxApi.framework; sourceTree = BUILT_PRODUCTS_DIR; };
		10DE9A591E5736FA007D0095 /* RxLifxApi.h */ = {isa = PBXFileReference; lastKnownFileType = sourcecode.c.h; path = RxLifxApi.h; sourceTree = "<group>"; };
		10DE9A5A1E5736FA007D0095 /* Info.plist */ = {isa = PBXFileReference; lastKnownFileType = text.plist.xml; path = Info.plist; sourceTree = "<group>"; };
		10DE9A5F1E5736FA007D0095 /* RxLifxApiTests.xctest */ = {isa = PBXFileReference; explicitFileType = wrapper.cfbundle; includeInIndex = 0; path = RxLifxApiTests.xctest; sourceTree = BUILT_PRODUCTS_DIR; };
		10DE9A641E5736FA007D0095 /* LightTests.swift */ = {isa = PBXFileReference; lastKnownFileType = sourcecode.swift; path = LightTests.swift; sourceTree = "<group>"; };
		10DE9A661E5736FA007D0095 /* Info.plist */ = {isa = PBXFileReference; lastKnownFileType = text.plist.xml; path = Info.plist; sourceTree = "<group>"; };
		10DE9A741E57381F007D0095 /* LifxDomain.framework */ = {isa = PBXFileReference; lastKnownFileType = wrapper.framework; name = LifxDomain.framework; path = "../../../Library/Developer/Xcode/DerivedData/RxLifx-dhhbjuuutiyklddmrqllkyqirybj/Build/Products/Debug-iphonesimulator/LifxDomain.framework"; sourceTree = "<group>"; };
		10DE9A751E57381F007D0095 /* RxLifx.framework */ = {isa = PBXFileReference; lastKnownFileType = wrapper.framework; name = RxLifx.framework; path = "../../../Library/Developer/Xcode/DerivedData/RxLifx-dhhbjuuutiyklddmrqllkyqirybj/Build/Products/Debug-iphonesimulator/RxLifx.framework"; sourceTree = "<group>"; };
		10DE9A781E5739E1007D0095 /* RxSwift.framework */ = {isa = PBXFileReference; lastKnownFileType = wrapper.framework; name = RxSwift.framework; path = ../Carthage/Build/iOS/RxSwift.framework; sourceTree = "<group>"; };
		DD1E1000DA3C579132F401D2 /* LightTileService.swift */ = {isa = PBXFileReference; fileEncoding = 4; lastKnownFileType = sourcecode.swift; path = LightTileService.swift; sourceTree = "<group>"; };
		DD1E1018AD3939F0D54A7BD9 /* RxTest.framework */ = {isa = PBXFileReference; lastKnownFileType = wrapper.framework; name = RxTest.framework; path = "/Users/floriansprenger/RxLifx-Swift/Carthage/Build/iOS/RxTest.framework"; sourceTree = "<absolute>"; };
		DD1E104A10ED23428C126016 /* LightGetPowerCommand.swift */ = {isa = PBXFileReference; fileEncoding = 4; lastKnownFileType = sourcecode.swift; path = LightGetPowerCommand.swift; sourceTree = "<group>"; };
		DD1E1212DB86364000A4AA6C /* LightMessageHandler.swift */ = {isa = PBXFileReference; fileEncoding = 4; lastKnownFileType = sourcecode.swift; path = LightMessageHandler.swift; sourceTree = "<group>"; };
		DD1E12162FEACB496D6BD2B9 /* LightSetInfraredCommand.swift */ = {isa = PBXFileReference; fileEncoding = 4; lastKnownFileType = sourcecode.swift; path = LightSetInfraredCommand.swift; sourceTree = "<group>"; };
		DD1E12245FF21B811F5F7EB8 /* LightSetWaveformOptionalCommand.swift */ = {isa = PBXFileReference; fileEncoding = 4; lastKnownFileType = sourcecode.swift; path = LightSetWaveformOptionalCommand.swift; sourceTree = "<group>"; };
		DD1E1238B3EAA9C4C2BED71D /* DeviceEchoRequestCommand.swift */ = {isa = PBXFileReference; fileEncoding = 4; lastKnownFileType = sourcecode.swift; path = DeviceEchoRequestCommand.swift; sourceTree = "<group>"; };
		DD1E12EA4A86FAB592860C59 /* DeviceGetHostInfoCommand.swift */ = {isa = PBXFileReference; fileEncoding = 4; lastKnownFileType = sourcecode.swift; path = DeviceGetHostInfoCommand.swift; sourceTree = "<group>"; };
		DD1E13CB630DB1F0155FA3F6 /* DeviceSetLabelCommand.swift */ = {isa = PBXFileReference; fileEncoding = 4; lastKnownFileType = sourcecode.swift; path = DeviceSetLabelCommand.swift; sourceTree = "<group>"; };
		DD1E143567CF739DE734FCC9 /* DeviceGetPowerCommand.swift */ = {isa = PBXFileReference; fileEncoding = 4; lastKnownFileType = sourcecode.swift; path = DeviceGetPowerCommand.swift; sourceTree = "<group>"; };
		DD1E145C01A92FB657A3682B /* LightSetColorCommand.swift */ = {isa = PBXFileReference; fileEncoding = 4; lastKnownFileType = sourcecode.swift; path = LightSetColorCommand.swift; sourceTree = "<group>"; };
		DD1E1481311223AF51B42629 /* LightsGroupLocationServiceTests.swift */ = {isa = PBXFileReference; fileEncoding = 4; lastKnownFileType = sourcecode.swift; path = LightsGroupLocationServiceTests.swift; sourceTree = "<group>"; };
		DD1E148DFC8651FEE3A18D1C /* DeviceGetHostFirmwareCommand.swift */ = {isa = PBXFileReference; fileEncoding = 4; lastKnownFileType = sourcecode.swift; path = DeviceGetHostFirmwareCommand.swift; sourceTree = "<group>"; };
		DD1E14C9E30BFD2B5012FBBE /* BroadcastGetServiceCommand.swift */ = {isa = PBXFileReference; fileEncoding = 4; lastKnownFileType = sourcecode.swift; path = BroadcastGetServiceCommand.swift; sourceTree = "<group>"; };
		DD1E15D8C9D90620FE5F289E /* Light.swift */ = {isa = PBXFileReference; fileEncoding = 4; lastKnownFileType = sourcecode.swift; path = Light.swift; sourceTree = "<group>"; };
		DD1E1645B638FFA8A03D7018 /* DeviceGetWifiFirmwareCommand.swift */ = {isa = PBXFileReference; fileEncoding = 4; lastKnownFileType = sourcecode.swift; path = DeviceGetWifiFirmwareCommand.swift; sourceTree = "<group>"; };
		DD1E1812F2408A8D7698ABDE /* LightService.swift */ = {isa = PBXFileReference; fileEncoding = 4; lastKnownFileType = sourcecode.swift; path = LightService.swift; sourceTree = "<group>"; };
		DD1E1872C312547B55B948C2 /* MultiZoneSetColorZonesCommand.swift */ = {isa = PBXFileReference; fileEncoding = 4; lastKnownFileType = sourcecode.swift; path = MultiZoneSetColorZonesCommand.swift; sourceTree = "<group>"; };
		DD1E18AC1EE76D792AEADD13 /* DeviceGetGroupCommand.swift */ = {isa = PBXFileReference; fileEncoding = 4; lastKnownFileType = sourcecode.swift; path = DeviceGetGroupCommand.swift; sourceTree = "<group>"; };
		DD1E18DA77F9BEDFDC8E66A0 /* LightGetCommand.swift */ = {isa = PBXFileReference; fileEncoding = 4; lastKnownFileType = sourcecode.swift; path = LightGetCommand.swift; sourceTree = "<group>"; };
		DD1E197D45E8EF4E95800799 /* TileSetTileState64Command.swift */ = {isa = PBXFileReference; fileEncoding = 4; lastKnownFileType = sourcecode.swift; path = TileSetTileState64Command.swift; sourceTree = "<group>"; };
		DD1E19E356E49FB74D5851A6 /* AsyncLightCommand.swift */ = {isa = PBXFileReference; fileEncoding = 4; lastKnownFileType = sourcecode.swift; path = AsyncLightCommand.swift; sourceTree = "<group>"; };
		DD1E1A4F0F266AABC96B7AD5 /* LightSetWaveformCommand.swift */ = {isa = PBXFileReference; fileEncoding = 4; lastKnownFileType = sourcecode.swift; path = LightSetWaveformCommand.swift; sourceTree = "<group>"; };
		DD1E1AF41711237E45624C0C /* TileGetTileState64Command.swift */ = {isa = PBXFileReference; fileEncoding = 4; lastKnownFileType = sourcecode.swift; path = TileGetTileState64Command.swift; sourceTree = "<group>"; };
		DD1E1B19805DC3FAFC4C9F4C /* DeviceGetLocationCommand.swift */ = {isa = PBXFileReference; fileEncoding = 4; lastKnownFileType = sourcecode.swift; path = DeviceGetLocationCommand.swift; sourceTree = "<group>"; };
		DD1E1B1A58BC5AF00E516015 /* DeviceSetLocationCommand.swift */ = {isa = PBXFileReference; fileEncoding = 4; lastKnownFileType = sourcecode.swift; path = DeviceSetLocationCommand.swift; sourceTree = "<group>"; };
		DD1E1BE694E5DC5A2C30FD31 /* LightGetInfraredCommand.swift */ = {isa = PBXFileReference; fileEncoding = 4; lastKnownFileType = sourcecode.swift; path = LightGetInfraredCommand.swift; sourceTree = "<group>"; };
		DD1E1BFB3F040ED8B2E8E199 /* LightMessageGenerator.swift */ = {isa = PBXFileReference; fileEncoding = 4; lastKnownFileType = sourcecode.swift; path = LightMessageGenerator.swift; sourceTree = "<group>"; };
		DD1E1C58FDF9CC69362DE34D /* LightSetPowerCommand.swift */ = {isa = PBXFileReference; fileEncoding = 4; lastKnownFileType = sourcecode.swift; path = LightSetPowerCommand.swift; sourceTree = "<group>"; };
		DD1E1CD9659325572AAE6ECA /* MultiZoneGetColorZonesCommand.swift */ = {isa = PBXFileReference; fileEncoding = 4; lastKnownFileType = sourcecode.swift; path = MultiZoneGetColorZonesCommand.swift; sourceTree = "<group>"; };
		DD1E1CE4D0BAA8E2B9677091 /* DeviceSetGroupCommand.swift */ = {isa = PBXFileReference; fileEncoding = 4; lastKnownFileType = sourcecode.swift; path = DeviceSetGroupCommand.swift; sourceTree = "<group>"; };
		DD1E1E8DC6BBCAEC2629F74F /* DeviceGetLabelCommand.swift */ = {isa = PBXFileReference; fileEncoding = 4; lastKnownFileType = sourcecode.swift; path = DeviceGetLabelCommand.swift; sourceTree = "<group>"; };
		DD1E1EC53936816892E6EEFE /* LightsGroupLocationService.swift */ = {isa = PBXFileReference; fileEncoding = 4; lastKnownFileType = sourcecode.swift; path = LightsGroupLocationService.swift; sourceTree = "<group>"; };
		DD1E1EF9499D447143BF11E1 /* DeviceGetVersionCommand.swift */ = {isa = PBXFileReference; fileEncoding = 4; lastKnownFileType = sourcecode.swift; path = DeviceGetVersionCommand.swift; sourceTree = "<group>"; };
		DD1E1F011F3AE47DE56EC904 /* LightServiceTests.swift */ = {isa = PBXFileReference; fileEncoding = 4; lastKnownFileType = sourcecode.swift; path = LightServiceTests.swift; sourceTree = "<group>"; };
		DD1E1F57484464C2A098F88C /* TileGetDeviceChainCommand.swift */ = {isa = PBXFileReference; fileEncoding = 4; lastKnownFileType = sourcecode.swift; path = TileGetDeviceChainCommand.swift; sourceTree = "<group>"; };
/* End PBXFileReference section */

/* Begin PBXFrameworksBuildPhase section */
		10DE9A521E5736FA007D0095 /* Frameworks */ = {
			isa = PBXFrameworksBuildPhase;
			buildActionMask = 2147483647;
			files = (
				10DE9A791E5739E1007D0095 /* RxSwift.framework in Frameworks */,
				10DE9A761E57381F007D0095 /* LifxDomain.framework in Frameworks */,
				10DE9A771E57381F007D0095 /* RxLifx.framework in Frameworks */,
			);
			runOnlyForDeploymentPostprocessing = 0;
		};
		10DE9A5C1E5736FA007D0095 /* Frameworks */ = {
			isa = PBXFrameworksBuildPhase;
			buildActionMask = 2147483647;
			files = (
				10DE9A601E5736FA007D0095 /* RxLifxApi.framework in Frameworks */,
				101087961F5290130092A05C /* RxTest.framework in Frameworks */,
				1010878E1F528E010092A05C /* LifxDomain.framework in Frameworks */,
				1010878D1F528DFA0092A05C /* RxLifx.framework in Frameworks */,
				1010878C1F528D3D0092A05C /* RxSwift.framework in Frameworks */,
			);
			runOnlyForDeploymentPostprocessing = 0;
		};
/* End PBXFrameworksBuildPhase section */

/* Begin PBXGroup section */
		10DE9A4C1E5736FA007D0095 = {
			isa = PBXGroup;
			children = (
				10DE9A581E5736FA007D0095 /* RxLifxApi */,
				10DE9A631E5736FA007D0095 /* RxLifxApiTests */,
				10DE9A571E5736FA007D0095 /* Products */,
				10DE9A731E57381F007D0095 /* Frameworks */,
			);
			sourceTree = "<group>";
		};
		10DE9A571E5736FA007D0095 /* Products */ = {
			isa = PBXGroup;
			children = (
				10DE9A561E5736FA007D0095 /* RxLifxApi.framework */,
				10DE9A5F1E5736FA007D0095 /* RxLifxApiTests.xctest */,
			);
			name = Products;
			sourceTree = "<group>";
		};
		10DE9A581E5736FA007D0095 /* RxLifxApi */ = {
			isa = PBXGroup;
			children = (
				10DE9A591E5736FA007D0095 /* RxLifxApi.h */,
				10DE9A5A1E5736FA007D0095 /* Info.plist */,
				DD1E1BFB3F040ED8B2E8E199 /* LightMessageGenerator.swift */,
				DD1E14B5E77B1D786D45AF3E /* Command */,
				DD1E15D8C9D90620FE5F289E /* Light.swift */,
				DD1E1812F2408A8D7698ABDE /* LightService.swift */,
				DD1E1212DB86364000A4AA6C /* LightMessageHandler.swift */,
				DD1E1EC53936816892E6EEFE /* LightsGroupLocationService.swift */,
				DD1E1000DA3C579132F401D2 /* LightTileService.swift */,
			);
			path = RxLifxApi;
			sourceTree = "<group>";
		};
		10DE9A631E5736FA007D0095 /* RxLifxApiTests */ = {
			isa = PBXGroup;
			children = (
				10DE9A641E5736FA007D0095 /* LightTests.swift */,
				10DE9A661E5736FA007D0095 /* Info.plist */,
				DD1E1F011F3AE47DE56EC904 /* LightServiceTests.swift */,
				DD1E1481311223AF51B42629 /* LightsGroupLocationServiceTests.swift */,
			);
			path = RxLifxApiTests;
			sourceTree = "<group>";
		};
		10DE9A731E57381F007D0095 /* Frameworks */ = {
			isa = PBXGroup;
			children = (
				10DE9A781E5739E1007D0095 /* RxSwift.framework */,
				10DE9A741E57381F007D0095 /* LifxDomain.framework */,
				10DE9A751E57381F007D0095 /* RxLifx.framework */,
				DD1E1018AD3939F0D54A7BD9 /* RxTest.framework */,
			);
			name = Frameworks;
			sourceTree = "<group>";
		};
		DD1E14B5E77B1D786D45AF3E /* Command */ = {
			isa = PBXGroup;
			children = (
				DD1E14C9E30BFD2B5012FBBE /* BroadcastGetServiceCommand.swift */,
				DD1E18DA77F9BEDFDC8E66A0 /* LightGetCommand.swift */,
				DD1E19E356E49FB74D5851A6 /* AsyncLightCommand.swift */,
				DD1E1C58FDF9CC69362DE34D /* LightSetPowerCommand.swift */,
				DD1E143567CF739DE734FCC9 /* DeviceGetPowerCommand.swift */,
				DD1E145C01A92FB657A3682B /* LightSetColorCommand.swift */,
				DD1E12EA4A86FAB592860C59 /* DeviceGetHostInfoCommand.swift */,
				DD1E148DFC8651FEE3A18D1C /* DeviceGetHostFirmwareCommand.swift */,
				DD1E1645B638FFA8A03D7018 /* DeviceGetWifiFirmwareCommand.swift */,
				DD1E13CB630DB1F0155FA3F6 /* DeviceSetLabelCommand.swift */,
				DD1E1E8DC6BBCAEC2629F74F /* DeviceGetLabelCommand.swift */,
				DD1E1EF9499D447143BF11E1 /* DeviceGetVersionCommand.swift */,
				DD1E1B19805DC3FAFC4C9F4C /* DeviceGetLocationCommand.swift */,
				DD1E18AC1EE76D792AEADD13 /* DeviceGetGroupCommand.swift */,
				DD1E1238B3EAA9C4C2BED71D /* DeviceEchoRequestCommand.swift */,
				DD1E104A10ED23428C126016 /* LightGetPowerCommand.swift */,
				DD1E1BE694E5DC5A2C30FD31 /* LightGetInfraredCommand.swift */,
				DD1E12162FEACB496D6BD2B9 /* LightSetInfraredCommand.swift */,
				DD1E1872C312547B55B948C2 /* MultiZoneSetColorZonesCommand.swift */,
				DD1E1CD9659325572AAE6ECA /* MultiZoneGetColorZonesCommand.swift */,
				DD1E1B1A58BC5AF00E516015 /* DeviceSetLocationCommand.swift */,
				DD1E1CE4D0BAA8E2B9677091 /* DeviceSetGroupCommand.swift */,
				DD1E1A4F0F266AABC96B7AD5 /* LightSetWaveformCommand.swift */,
				DD1E12245FF21B811F5F7EB8 /* LightSetWaveformOptionalCommand.swift */,
				DD1E1F57484464C2A098F88C /* TileGetDeviceChainCommand.swift */,
				DD1E1AF41711237E45624C0C /* TileGetTileState64Command.swift */,
				DD1E197D45E8EF4E95800799 /* TileSetTileState64Command.swift */,
			);
			path = Command;
			sourceTree = "<group>";
		};
/* End PBXGroup section */

/* Begin PBXHeadersBuildPhase section */
		10DE9A531E5736FA007D0095 /* Headers */ = {
			isa = PBXHeadersBuildPhase;
			buildActionMask = 2147483647;
			files = (
				10DE9A671E5736FA007D0095 /* RxLifxApi.h in Headers */,
			);
			runOnlyForDeploymentPostprocessing = 0;
		};
/* End PBXHeadersBuildPhase section */

/* Begin PBXNativeTarget section */
		10DE9A551E5736FA007D0095 /* RxLifxApi */ = {
			isa = PBXNativeTarget;
			buildConfigurationList = 10DE9A6A1E5736FA007D0095 /* Build configuration list for PBXNativeTarget "RxLifxApi" */;
			buildPhases = (
				10DE9A511E5736FA007D0095 /* Sources */,
				10DE9A521E5736FA007D0095 /* Frameworks */,
				10DE9A531E5736FA007D0095 /* Headers */,
				10DE9A541E5736FA007D0095 /* Resources */,
			);
			buildRules = (
			);
			dependencies = (
			);
			name = RxLifxApi;
			productName = RxLifxApi;
			productReference = 10DE9A561E5736FA007D0095 /* RxLifxApi.framework */;
			productType = "com.apple.product-type.framework";
		};
		10DE9A5E1E5736FA007D0095 /* RxLifxApiTests */ = {
			isa = PBXNativeTarget;
			buildConfigurationList = 10DE9A6D1E5736FA007D0095 /* Build configuration list for PBXNativeTarget "RxLifxApiTests" */;
			buildPhases = (
				10DE9A5B1E5736FA007D0095 /* Sources */,
				10DE9A5C1E5736FA007D0095 /* Frameworks */,
				10DE9A5D1E5736FA007D0095 /* Resources */,
				101087971F5290710092A05C /* ShellScript */,
			);
			buildRules = (
			);
			dependencies = (
				101087941F528F900092A05C /* PBXTargetDependency */,
			);
			name = RxLifxApiTests;
			productName = RxLifxApiTests;
			productReference = 10DE9A5F1E5736FA007D0095 /* RxLifxApiTests.xctest */;
			productType = "com.apple.product-type.bundle.unit-test";
		};
/* End PBXNativeTarget section */

/* Begin PBXProject section */
		10DE9A4D1E5736FA007D0095 /* Project object */ = {
			isa = PBXProject;
			attributes = {
				LastSwiftUpdateCheck = 0820;
				LastUpgradeCheck = 1010;
				ORGANIZATIONNAME = "Florian Sprenger";
				TargetAttributes = {
					10DE9A551E5736FA007D0095 = {
						CreatedOnToolsVersion = 8.2.1;
						LastSwiftMigration = 0920;
						ProvisioningStyle = Automatic;
					};
					10DE9A5E1E5736FA007D0095 = {
						CreatedOnToolsVersion = 8.2.1;
						LastSwiftMigration = 0920;
						ProvisioningStyle = Automatic;
					};
				};
			};
			buildConfigurationList = 10DE9A501E5736FA007D0095 /* Build configuration list for PBXProject "RxLifxApi" */;
			compatibilityVersion = "Xcode 3.2";
			developmentRegion = English;
			hasScannedForEncodings = 0;
			knownRegions = (
				en,
			);
			mainGroup = 10DE9A4C1E5736FA007D0095;
			productRefGroup = 10DE9A571E5736FA007D0095 /* Products */;
			projectDirPath = "";
			projectRoot = "";
			targets = (
				10DE9A551E5736FA007D0095 /* RxLifxApi */,
				10DE9A5E1E5736FA007D0095 /* RxLifxApiTests */,
			);
		};
/* End PBXProject section */

/* Begin PBXResourcesBuildPhase section */
		10DE9A541E5736FA007D0095 /* Resources */ = {
			isa = PBXResourcesBuildPhase;
			buildActionMask = 2147483647;
			files = (
			);
			runOnlyForDeploymentPostprocessing = 0;
		};
		10DE9A5D1E5736FA007D0095 /* Resources */ = {
			isa = PBXResourcesBuildPhase;
			buildActionMask = 2147483647;
			files = (
			);
			runOnlyForDeploymentPostprocessing = 0;
		};
/* End PBXResourcesBuildPhase section */

/* Begin PBXShellScriptBuildPhase section */
		101087971F5290710092A05C /* ShellScript */ = {
			isa = PBXShellScriptBuildPhase;
			buildActionMask = 2147483647;
			files = (
			);
			inputPaths = (
				"$(SRCROOT)/../Carthage/Build/iOS/RxTest.framework",
				"$(SRCROOT)/../Carthage/Build/iOS/RxSwift.framework",
			);
			outputPaths = (
			);
			runOnlyForDeploymentPostprocessing = 0;
			shellPath = /bin/sh;
			shellScript = "/usr/local/bin/carthage copy-frameworks\n";
		};
/* End PBXShellScriptBuildPhase section */

/* Begin PBXSourcesBuildPhase section */
		10DE9A511E5736FA007D0095 /* Sources */ = {
			isa = PBXSourcesBuildPhase;
			buildActionMask = 2147483647;
			files = (
				DD1E1DAEBB9E6F63AF398431 /* LightMessageGenerator.swift in Sources */,
				DD1E1C0531D2F9BF3EA5FCC1 /* BroadcastGetServiceCommand.swift in Sources */,
				DD1E1044B11D6B30A7263E44 /* LightGetCommand.swift in Sources */,
				DD1E182BC828E9C75AC84257 /* AsyncLightCommand.swift in Sources */,
				DD1E1FDE01FF6CCD53A1BB52 /* LightSetPowerCommand.swift in Sources */,
				DD1E1CC3ECFBB0094EAE39BD /* DeviceGetPowerCommand.swift in Sources */,
				DD1E185C26197C2FE8470C1A /* LightSetColorCommand.swift in Sources */,
				DD1E1D61EA48883B0F305AB6 /* Light.swift in Sources */,
				DD1E108F568A2573CEB93F99 /* LightService.swift in Sources */,
				DD1E163DFDB227E59E27C116 /* LightMessageHandler.swift in Sources */,
				DD1E14169D6D613478CF43F0 /* DeviceGetHostInfoCommand.swift in Sources */,
				DD1E1594D9D139E75FF8FBB0 /* DeviceGetHostFirmwareCommand.swift in Sources */,
				DD1E140A4C39C528446E55C4 /* DeviceGetWifiFirmwareCommand.swift in Sources */,
				DD1E1943E3BDA5421C763AC5 /* DeviceSetLabelCommand.swift in Sources */,
				DD1E1901FF3DB5C1AECDF3CB /* DeviceGetLabelCommand.swift in Sources */,
				DD1E1E10A94087217579D559 /* DeviceGetVersionCommand.swift in Sources */,
				DD1E173BBE0640AB4ECF8239 /* DeviceGetLocationCommand.swift in Sources */,
				DD1E1465C2A7009C4E98A47D /* DeviceGetGroupCommand.swift in Sources */,
				DD1E1472BE28ABC243F50D64 /* DeviceEchoRequestCommand.swift in Sources */,
				DD1E1E760A41013E4FAE377D /* LightGetPowerCommand.swift in Sources */,
				DD1E1E4E4DD8DE636DDE894A /* LightGetInfraredCommand.swift in Sources */,
				DD1E1289E5231719D7D1C2CA /* LightSetInfraredCommand.swift in Sources */,
				DD1E1FA3469D9E3E25DFC158 /* MultiZoneSetColorZonesCommand.swift in Sources */,
				DD1E1616584F6F012FDD3E61 /* MultiZoneGetColorZonesCommand.swift in Sources */,
				DD1E19A3A6E01146319DACF1 /* DeviceSetLocationCommand.swift in Sources */,
				DD1E1E2B03A5621D8040637B /* DeviceSetGroupCommand.swift in Sources */,
				DD1E1BE22AFA0B945BC17F8A /* LightSetWaveformCommand.swift in Sources */,
				DD1E1B4FF5952CBD70E1A70F /* LightSetWaveformOptionalCommand.swift in Sources */,
				DD1E1BAACAFF3D7CD9D21CAA /* LightsGroupLocationService.swift in Sources */,
				DD1E10A97899FACCDC81890B /* LightTileService.swift in Sources */,
				DD1E1DDEEA3AD4E3D5FBD08D /* TileGetDeviceChainCommand.swift in Sources */,
				DD1E1DC1D7CEE07A3D339C73 /* TileGetTileState64Command.swift in Sources */,
				DD1E17AE41534D61242E5516 /* TileSetTileState64Command.swift in Sources */,
			);
			runOnlyForDeploymentPostprocessing = 0;
		};
		10DE9A5B1E5736FA007D0095 /* Sources */ = {
			isa = PBXSourcesBuildPhase;
			buildActionMask = 2147483647;
			files = (
				10DE9A651E5736FA007D0095 /* LightTests.swift in Sources */,
				DD1E12011579A8137EC794A0 /* LightServiceTests.swift in Sources */,
				DD1E1D87FCBECADB9A0EA822 /* LightSetWaveformCommand.swift in Sources */,
				DD1E196183AF6F21C450CECA /* LightSetWaveformOptionalCommand.swift in Sources */,
				DD1E1DAF21A118FE60FD271E /* Light.swift in Sources */,
				DD1E1EF83F9852555E4A3311 /* LightService.swift in Sources */,
				DD1E17FB03E81E83BFC3871E /* LightMessageGenerator.swift in Sources */,
				DD1E199D36BEF559484378E9 /* LightMessageHandler.swift in Sources */,
				DD1E192527CB2DEF454F8492 /* DeviceGetHostFirmwareCommand.swift in Sources */,
				DD1E16ABADB5DF801BEAE187 /* MultiZoneGetColorZonesCommand.swift in Sources */,
				DD1E10F57CD75A810D6AF0BA /* DeviceSetLocationCommand.swift in Sources */,
				DD1E1A5CF977F57853593CB0 /* LightSetColorCommand.swift in Sources */,
				DD1E1FEB8D8EAE526EBB1ABB /* LightGetPowerCommand.swift in Sources */,
				DD1E1A4C4C967A4037DA1A4B /* DeviceSetGroupCommand.swift in Sources */,
				DD1E1515DC3A2DBF40CB02FC /* LightGetCommand.swift in Sources */,
				DD1E19DB89D73B0008B17BE8 /* DeviceEchoRequestCommand.swift in Sources */,
				DD1E1736A92B569D1E7831AC /* LightSetInfraredCommand.swift in Sources */,
				DD1E1BF77DE62A05FDB813C5 /* BroadcastGetServiceCommand.swift in Sources */,
				DD1E19922BAC6A6348DA6199 /* AsyncLightCommand.swift in Sources */,
				DD1E18CEDA63E60221A2E4CE /* DeviceGetHostInfoCommand.swift in Sources */,
				DD1E110747FDA153A51E414D /* DeviceGetGroupCommand.swift in Sources */,
				DD1E16060AAB6606BFC066A0 /* DeviceSetLabelCommand.swift in Sources */,
				DD1E1D1BA74B27CEA793511C /* LightSetPowerCommand.swift in Sources */,
				DD1E1CA7EE5B7B644F0C5AF1 /* DeviceGetVersionCommand.swift in Sources */,
				DD1E1C2B39DCFCD309CC68E1 /* DeviceGetLabelCommand.swift in Sources */,
				DD1E128BC43D5871582856BD /* DeviceGetPowerCommand.swift in Sources */,
				DD1E1F562F23996324FEF2E8 /* LightGetInfraredCommand.swift in Sources */,
				DD1E1C32B00B81B94023A62B /* DeviceGetWifiFirmwareCommand.swift in Sources */,
				DD1E1D76C395621CC23E2F74 /* MultiZoneSetColorZonesCommand.swift in Sources */,
				DD1E141B96B591E429F037BC /* DeviceGetLocationCommand.swift in Sources */,
				DD1E1B7CC55DAFF03C8D53D5 /* LightsGroupLocationService.swift in Sources */,
				DD1E1F054B86638F15E57CA1 /* LightsGroupLocationServiceTests.swift in Sources */,
				DD1E1F0C7943544CB5861441 /* LightTileService.swift in Sources */,
				DD1E114DF2989BC83F73CAF6 /* TileGetDeviceChainCommand.swift in Sources */,
				DD1E1D1DA67CB8C3C2BBDD44 /* TileGetTileState64Command.swift in Sources */,
				DD1E1FF06767CFFDBFF58969 /* TileSetTileState64Command.swift in Sources */,
			);
			runOnlyForDeploymentPostprocessing = 0;
		};
/* End PBXSourcesBuildPhase section */

/* Begin PBXTargetDependency section */
		101087941F528F900092A05C /* PBXTargetDependency */ = {
			isa = PBXTargetDependency;
			target = 10DE9A551E5736FA007D0095 /* RxLifxApi */;
			targetProxy = 101087931F528F900092A05C /* PBXContainerItemProxy */;
		};
/* End PBXTargetDependency section */

/* Begin XCBuildConfiguration section */
		10DE9A681E5736FA007D0095 /* Debug */ = {
			isa = XCBuildConfiguration;
			buildSettings = {
				ALWAYS_SEARCH_USER_PATHS = NO;
				CLANG_ANALYZER_NONNULL = YES;
				CLANG_CXX_LANGUAGE_STANDARD = "gnu++0x";
				CLANG_CXX_LIBRARY = "libc++";
				CLANG_ENABLE_MODULES = YES;
				CLANG_ENABLE_OBJC_ARC = YES;
				CLANG_WARN_BLOCK_CAPTURE_AUTORELEASING = YES;
				CLANG_WARN_BOOL_CONVERSION = YES;
				CLANG_WARN_COMMA = YES;
				CLANG_WARN_CONSTANT_CONVERSION = YES;
				CLANG_WARN_DEPRECATED_OBJC_IMPLEMENTATIONS = YES;
				CLANG_WARN_DIRECT_OBJC_ISA_USAGE = YES_ERROR;
				CLANG_WARN_DOCUMENTATION_COMMENTS = YES;
				CLANG_WARN_EMPTY_BODY = YES;
				CLANG_WARN_ENUM_CONVERSION = YES;
				CLANG_WARN_INFINITE_RECURSION = YES;
				CLANG_WARN_INT_CONVERSION = YES;
				CLANG_WARN_NON_LITERAL_NULL_CONVERSION = YES;
				CLANG_WARN_OBJC_IMPLICIT_RETAIN_SELF = YES;
				CLANG_WARN_OBJC_LITERAL_CONVERSION = YES;
				CLANG_WARN_OBJC_ROOT_CLASS = YES_ERROR;
				CLANG_WARN_RANGE_LOOP_ANALYSIS = YES;
				CLANG_WARN_STRICT_PROTOTYPES = YES;
				CLANG_WARN_SUSPICIOUS_MOVE = YES;
				CLANG_WARN_UNREACHABLE_CODE = YES;
				CLANG_WARN__DUPLICATE_METHOD_MATCH = YES;
				"CODE_SIGN_IDENTITY[sdk=iphoneos*]" = "iPhone Developer";
				COPY_PHASE_STRIP = NO;
				CURRENT_PROJECT_VERSION = 1;
				DEBUG_INFORMATION_FORMAT = dwarf;
				ENABLE_STRICT_OBJC_MSGSEND = YES;
				ENABLE_TESTABILITY = YES;
				GCC_C_LANGUAGE_STANDARD = gnu99;
				GCC_DYNAMIC_NO_PIC = NO;
				GCC_NO_COMMON_BLOCKS = YES;
				GCC_OPTIMIZATION_LEVEL = 0;
				GCC_PREPROCESSOR_DEFINITIONS = (
					"DEBUG=1",
					"$(inherited)",
				);
				GCC_WARN_64_TO_32_BIT_CONVERSION = YES;
				GCC_WARN_ABOUT_RETURN_TYPE = YES_ERROR;
				GCC_WARN_UNDECLARED_SELECTOR = YES;
				GCC_WARN_UNINITIALIZED_AUTOS = YES_AGGRESSIVE;
				GCC_WARN_UNUSED_FUNCTION = YES;
				GCC_WARN_UNUSED_VARIABLE = YES;
				IPHONEOS_DEPLOYMENT_TARGET = 9.3;
				MTL_ENABLE_DEBUG_INFO = YES;
				ONLY_ACTIVE_ARCH = YES;
				SDKROOT = iphoneos;
				SWIFT_ACTIVE_COMPILATION_CONDITIONS = DEBUG;
				SWIFT_OPTIMIZATION_LEVEL = "-Onone";
				TARGETED_DEVICE_FAMILY = "1,2";
				VERSIONING_SYSTEM = "apple-generic";
				VERSION_INFO_PREFIX = "";
			};
			name = Debug;
		};
		10DE9A691E5736FA007D0095 /* Release */ = {
			isa = XCBuildConfiguration;
			buildSettings = {
				ALWAYS_SEARCH_USER_PATHS = NO;
				CLANG_ANALYZER_NONNULL = YES;
				CLANG_CXX_LANGUAGE_STANDARD = "gnu++0x";
				CLANG_CXX_LIBRARY = "libc++";
				CLANG_ENABLE_MODULES = YES;
				CLANG_ENABLE_OBJC_ARC = YES;
				CLANG_WARN_BLOCK_CAPTURE_AUTORELEASING = YES;
				CLANG_WARN_BOOL_CONVERSION = YES;
				CLANG_WARN_COMMA = YES;
				CLANG_WARN_CONSTANT_CONVERSION = YES;
				CLANG_WARN_DEPRECATED_OBJC_IMPLEMENTATIONS = YES;
				CLANG_WARN_DIRECT_OBJC_ISA_USAGE = YES_ERROR;
				CLANG_WARN_DOCUMENTATION_COMMENTS = YES;
				CLANG_WARN_EMPTY_BODY = YES;
				CLANG_WARN_ENUM_CONVERSION = YES;
				CLANG_WARN_INFINITE_RECURSION = YES;
				CLANG_WARN_INT_CONVERSION = YES;
				CLANG_WARN_NON_LITERAL_NULL_CONVERSION = YES;
				CLANG_WARN_OBJC_IMPLICIT_RETAIN_SELF = YES;
				CLANG_WARN_OBJC_LITERAL_CONVERSION = YES;
				CLANG_WARN_OBJC_ROOT_CLASS = YES_ERROR;
				CLANG_WARN_RANGE_LOOP_ANALYSIS = YES;
				CLANG_WARN_STRICT_PROTOTYPES = YES;
				CLANG_WARN_SUSPICIOUS_MOVE = YES;
				CLANG_WARN_UNREACHABLE_CODE = YES;
				CLANG_WARN__DUPLICATE_METHOD_MATCH = YES;
				"CODE_SIGN_IDENTITY[sdk=iphoneos*]" = "iPhone Developer";
				COPY_PHASE_STRIP = NO;
				CURRENT_PROJECT_VERSION = 1;
				DEBUG_INFORMATION_FORMAT = "dwarf-with-dsym";
				ENABLE_NS_ASSERTIONS = NO;
				ENABLE_STRICT_OBJC_MSGSEND = YES;
				GCC_C_LANGUAGE_STANDARD = gnu99;
				GCC_NO_COMMON_BLOCKS = YES;
				GCC_WARN_64_TO_32_BIT_CONVERSION = YES;
				GCC_WARN_ABOUT_RETURN_TYPE = YES_ERROR;
				GCC_WARN_UNDECLARED_SELECTOR = YES;
				GCC_WARN_UNINITIALIZED_AUTOS = YES_AGGRESSIVE;
				GCC_WARN_UNUSED_FUNCTION = YES;
				GCC_WARN_UNUSED_VARIABLE = YES;
				IPHONEOS_DEPLOYMENT_TARGET = 9.3;
				MTL_ENABLE_DEBUG_INFO = NO;
				SDKROOT = iphoneos;
				SWIFT_OPTIMIZATION_LEVEL = "-Owholemodule";
				TARGETED_DEVICE_FAMILY = "1,2";
				VALIDATE_PRODUCT = YES;
				VERSIONING_SYSTEM = "apple-generic";
				VERSION_INFO_PREFIX = "";
			};
			name = Release;
		};
		10DE9A6B1E5736FA007D0095 /* Debug */ = {
			isa = XCBuildConfiguration;
			buildSettings = {
				CODE_SIGN_IDENTITY = "";
				DEFINES_MODULE = YES;
				DYLIB_COMPATIBILITY_VERSION = 1;
				DYLIB_CURRENT_VERSION = 1;
				DYLIB_INSTALL_NAME_BASE = "@rpath";
				FRAMEWORK_SEARCH_PATHS = (
					"$(inherited)",
					"$(PROJECT_DIR)/../Carthage/Build/iOS",
				);
				INFOPLIST_FILE = RxLifxApi/Info.plist;
				INSTALL_PATH = "$(LOCAL_LIBRARY_DIR)/Frameworks";
				LD_RUNPATH_SEARCH_PATHS = "$(inherited) @executable_path/Frameworks @loader_path/Frameworks";
				PRODUCT_BUNDLE_IDENTIFIER = wo.lf.RxLifxApi;
				PRODUCT_NAME = "$(TARGET_NAME)";
				SKIP_INSTALL = YES;
				SWIFT_VERSION = 4.0;
			};
			name = Debug;
		};
		10DE9A6C1E5736FA007D0095 /* Release */ = {
			isa = XCBuildConfiguration;
			buildSettings = {
				CODE_SIGN_IDENTITY = "";
				DEFINES_MODULE = YES;
				DYLIB_COMPATIBILITY_VERSION = 1;
				DYLIB_CURRENT_VERSION = 1;
				DYLIB_INSTALL_NAME_BASE = "@rpath";
				FRAMEWORK_SEARCH_PATHS = (
					"$(inherited)",
					"$(PROJECT_DIR)/../Carthage/Build/iOS",
				);
				INFOPLIST_FILE = RxLifxApi/Info.plist;
				INSTALL_PATH = "$(LOCAL_LIBRARY_DIR)/Frameworks";
				LD_RUNPATH_SEARCH_PATHS = "$(inherited) @executable_path/Frameworks @loader_path/Frameworks";
				PRODUCT_BUNDLE_IDENTIFIER = wo.lf.RxLifxApi;
				PRODUCT_NAME = "$(TARGET_NAME)";
				SKIP_INSTALL = YES;
				SWIFT_VERSION = 4.0;
			};
			name = Release;
		};
		10DE9A6E1E5736FA007D0095 /* Debug */ = {
			isa = XCBuildConfiguration;
			buildSettings = {
				FRAMEWORK_SEARCH_PATHS = (
					"$(inherited)",
					"\"${PROJECT_DIR}/../Carthage/Build/iOS\"/**",
				);
				INFOPLIST_FILE = RxLifxApiTests/Info.plist;
				LD_RUNPATH_SEARCH_PATHS = "$(inherited) @executable_path/Frameworks @loader_path/Frameworks";
				PRODUCT_BUNDLE_IDENTIFIER = wo.lf.RxLifxApiTests;
				PRODUCT_NAME = "$(TARGET_NAME)";
				SWIFT_VERSION = 4.0;
			};
			name = Debug;
		};
		10DE9A6F1E5736FA007D0095 /* Release */ = {
			isa = XCBuildConfiguration;
			buildSettings = {
				FRAMEWORK_SEARCH_PATHS = (
					"$(inherited)",
					"\"${PROJECT_DIR}/../Carthage/Build/iOS\"/**",
				);
				INFOPLIST_FILE = RxLifxApiTests/Info.plist;
				LD_RUNPATH_SEARCH_PATHS = "$(inherited) @executable_path/Frameworks @loader_path/Frameworks";
				PRODUCT_BUNDLE_IDENTIFIER = wo.lf.RxLifxApiTests;
				PRODUCT_NAME = "$(TARGET_NAME)";
				SWIFT_VERSION = 4.0;
			};
			name = Release;
		};
/* End XCBuildConfiguration section */

/* Begin XCConfigurationList section */
		10DE9A501E5736FA007D0095 /* Build configuration list for PBXProject "RxLifxApi" */ = {
			isa = XCConfigurationList;
			buildConfigurations = (
				10DE9A681E5736FA007D0095 /* Debug */,
				10DE9A691E5736FA007D0095 /* Release */,
			);
			defaultConfigurationIsVisible = 0;
			defaultConfigurationName = Release;
		};
		10DE9A6A1E5736FA007D0095 /* Build configuration list for PBXNativeTarget "RxLifxApi" */ = {
			isa = XCConfigurationList;
			buildConfigurations = (
				10DE9A6B1E5736FA007D0095 /* Debug */,
				10DE9A6C1E5736FA007D0095 /* Release */,
			);
			defaultConfigurationIsVisible = 0;
			defaultConfigurationName = Release;
		};
		10DE9A6D1E5736FA007D0095 /* Build configuration list for PBXNativeTarget "RxLifxApiTests" */ = {
			isa = XCConfigurationList;
			buildConfigurations = (
				10DE9A6E1E5736FA007D0095 /* Debug */,
				10DE9A6F1E5736FA007D0095 /* Release */,
			);
			defaultConfigurationIsVisible = 0;
			defaultConfigurationName = Release;
		};
/* End XCConfigurationList section */
	};
	rootObject = 10DE9A4D1E5736FA007D0095 /* Project object */;
}
